// !$*UTF8*$!
{
	archiveVersion = 1;
	classes = {
	};
	objectVersion = 51;
	objects = {

/* Begin PBXBuildFile section */
		02CAC1BA26A1407500C2EF42 /* AppDelegate.swift in Sources */ = {isa = PBXBuildFile; fileRef = 02CAC1B926A1407500C2EF42 /* AppDelegate.swift */; };
		02CAC1BC26A1407500C2EF42 /* SceneDelegate.swift in Sources */ = {isa = PBXBuildFile; fileRef = 02CAC1BB26A1407500C2EF42 /* SceneDelegate.swift */; };
		02CAC1C126A1407500C2EF42 /* Main.storyboard in Resources */ = {isa = PBXBuildFile; fileRef = 02CAC1BF26A1407500C2EF42 /* Main.storyboard */; };
		02CAC1C326A1407600C2EF42 /* Assets.xcassets in Resources */ = {isa = PBXBuildFile; fileRef = 02CAC1C226A1407600C2EF42 /* Assets.xcassets */; };
		02CAC1C626A1407600C2EF42 /* LaunchScreen.storyboard in Resources */ = {isa = PBXBuildFile; fileRef = 02CAC1C426A1407600C2EF42 /* LaunchScreen.storyboard */; };
		02CAC1D126A1407600C2EF42 /* SwiftLevelDBTests.swift in Sources */ = {isa = PBXBuildFile; fileRef = 02CAC1D026A1407600C2EF42 /* SwiftLevelDBTests.swift */; };
		02CAC1DC26A1407600C2EF42 /* SwiftLevelDBUITests.swift in Sources */ = {isa = PBXBuildFile; fileRef = 02CAC1DB26A1407600C2EF42 /* SwiftLevelDBUITests.swift */; };
		02CAC1F726A1420D00C2EF42 /* leveldb.framework in Frameworks */ = {isa = PBXBuildFile; fileRef = 02CAC1F626A1420D00C2EF42 /* leveldb.framework */; };
		02CAC20E26A15E9300C2EF42 /* Test.mm in Sources */ = {isa = PBXBuildFile; fileRef = 02CAC20D26A15E9300C2EF42 /* Test.mm */; };
		02CAC2CA26A17AB400C2EF42 /* LevelDB.swift in Sources */ = {isa = PBXBuildFile; fileRef = 02CAC2C726A17AB400C2EF42 /* LevelDB.swift */; };
		02CAC2CC26A17AB400C2EF42 /* Slice.swift in Sources */ = {isa = PBXBuildFile; fileRef = 02CAC2C926A17AB400C2EF42 /* Slice.swift */; };
		02CAC2DA26A17C8000C2EF42 /* Options.swift in Sources */ = {isa = PBXBuildFile; fileRef = 02CAC2D926A17C8000C2EF42 /* Options.swift */; };
		02CAC2E226A17C9A00C2EF42 /* ViewController.swift in Sources */ = {isa = PBXBuildFile; fileRef = 02CAC2E126A17C9A00C2EF42 /* ViewController.swift */; };
		8E61D9F1FDEED6614C58CC66 /* Pods_SwiftLevelDB.framework in Frameworks */ = {isa = PBXBuildFile; fileRef = 252F3A3CC14D3ACE3565C107 /* Pods_SwiftLevelDB.framework */; };
		BF81F5D97719CBC9B72451FD /* Pods_SwiftLevelDBTests.framework in Frameworks */ = {isa = PBXBuildFile; fileRef = 9B150DA9C8C32BCC38D76416 /* Pods_SwiftLevelDBTests.framework */; };
		FE4064DF0C80F545B228129D /* Pods_SwiftLevelDB_SwiftLevelDBUITests.framework in Frameworks */ = {isa = PBXBuildFile; fileRef = 7C80F5DC91A1611CE17E232A /* Pods_SwiftLevelDB_SwiftLevelDBUITests.framework */; };
/* End PBXBuildFile section */

/* Begin PBXContainerItemProxy section */
		02CAC1CD26A1407600C2EF42 /* PBXContainerItemProxy */ = {
			isa = PBXContainerItemProxy;
			containerPortal = 02CAC1AE26A1407500C2EF42 /* Project object */;
			proxyType = 1;
			remoteGlobalIDString = 02CAC1B526A1407500C2EF42;
			remoteInfo = SwiftLevelDB;
		};
		02CAC1D826A1407600C2EF42 /* PBXContainerItemProxy */ = {
			isa = PBXContainerItemProxy;
			containerPortal = 02CAC1AE26A1407500C2EF42 /* Project object */;
			proxyType = 1;
			remoteGlobalIDString = 02CAC1B526A1407500C2EF42;
			remoteInfo = SwiftLevelDB;
		};
/* End PBXContainerItemProxy section */

/* Begin PBXFileReference section */
		02CAC1B626A1407500C2EF42 /* SwiftLevelDB.app */ = {isa = PBXFileReference; explicitFileType = wrapper.application; includeInIndex = 0; path = SwiftLevelDB.app; sourceTree = BUILT_PRODUCTS_DIR; };
		02CAC1B926A1407500C2EF42 /* AppDelegate.swift */ = {isa = PBXFileReference; lastKnownFileType = sourcecode.swift; path = AppDelegate.swift; sourceTree = "<group>"; };
		02CAC1BB26A1407500C2EF42 /* SceneDelegate.swift */ = {isa = PBXFileReference; lastKnownFileType = sourcecode.swift; path = SceneDelegate.swift; sourceTree = "<group>"; };
		02CAC1C026A1407500C2EF42 /* Base */ = {isa = PBXFileReference; lastKnownFileType = file.storyboard; name = Base; path = Base.lproj/Main.storyboard; sourceTree = "<group>"; };
		02CAC1C226A1407600C2EF42 /* Assets.xcassets */ = {isa = PBXFileReference; lastKnownFileType = folder.assetcatalog; path = Assets.xcassets; sourceTree = "<group>"; };
		02CAC1C526A1407600C2EF42 /* Base */ = {isa = PBXFileReference; lastKnownFileType = file.storyboard; name = Base; path = Base.lproj/LaunchScreen.storyboard; sourceTree = "<group>"; };
		02CAC1C726A1407600C2EF42 /* Info.plist */ = {isa = PBXFileReference; lastKnownFileType = text.plist.xml; path = Info.plist; sourceTree = "<group>"; };
		02CAC1CC26A1407600C2EF42 /* SwiftLevelDBTests.xctest */ = {isa = PBXFileReference; explicitFileType = wrapper.cfbundle; includeInIndex = 0; path = SwiftLevelDBTests.xctest; sourceTree = BUILT_PRODUCTS_DIR; };
		02CAC1D026A1407600C2EF42 /* SwiftLevelDBTests.swift */ = {isa = PBXFileReference; lastKnownFileType = sourcecode.swift; path = SwiftLevelDBTests.swift; sourceTree = "<group>"; };
		02CAC1D226A1407600C2EF42 /* Info.plist */ = {isa = PBXFileReference; lastKnownFileType = text.plist.xml; path = Info.plist; sourceTree = "<group>"; };
		02CAC1D726A1407600C2EF42 /* SwiftLevelDBUITests.xctest */ = {isa = PBXFileReference; explicitFileType = wrapper.cfbundle; includeInIndex = 0; path = SwiftLevelDBUITests.xctest; sourceTree = BUILT_PRODUCTS_DIR; };
		02CAC1DB26A1407600C2EF42 /* SwiftLevelDBUITests.swift */ = {isa = PBXFileReference; lastKnownFileType = sourcecode.swift; path = SwiftLevelDBUITests.swift; sourceTree = "<group>"; };
		02CAC1DD26A1407600C2EF42 /* Info.plist */ = {isa = PBXFileReference; lastKnownFileType = text.plist.xml; path = Info.plist; sourceTree = "<group>"; };
		02CAC1F626A1420D00C2EF42 /* leveldb.framework */ = {isa = PBXFileReference; explicitFileType = wrapper.framework; path = leveldb.framework; sourceTree = BUILT_PRODUCTS_DIR; };
		02CAC20C26A15E9300C2EF42 /* SwiftLevelDB-Bridging-Header.h */ = {isa = PBXFileReference; lastKnownFileType = sourcecode.c.h; path = "SwiftLevelDB-Bridging-Header.h"; sourceTree = "<group>"; };
		02CAC20D26A15E9300C2EF42 /* Test.mm */ = {isa = PBXFileReference; lastKnownFileType = sourcecode.cpp.objcpp; path = Test.mm; sourceTree = "<group>"; };
		02CAC2C726A17AB400C2EF42 /* LevelDB.swift */ = {isa = PBXFileReference; fileEncoding = 4; lastKnownFileType = sourcecode.swift; path = LevelDB.swift; sourceTree = "<group>"; };
		02CAC2C926A17AB400C2EF42 /* Slice.swift */ = {isa = PBXFileReference; fileEncoding = 4; lastKnownFileType = sourcecode.swift; path = Slice.swift; sourceTree = "<group>"; };
		02CAC2D926A17C8000C2EF42 /* Options.swift */ = {isa = PBXFileReference; fileEncoding = 4; lastKnownFileType = sourcecode.swift; path = Options.swift; sourceTree = "<group>"; };
		02CAC2E126A17C9A00C2EF42 /* ViewController.swift */ = {isa = PBXFileReference; fileEncoding = 4; lastKnownFileType = sourcecode.swift; path = ViewController.swift; sourceTree = "<group>"; };
		0E8B5C66FBDF34A04968FBF2 /* Pods-SwiftLevelDB.release.xcconfig */ = {isa = PBXFileReference; includeInIndex = 1; lastKnownFileType = text.xcconfig; name = "Pods-SwiftLevelDB.release.xcconfig"; path = "Target Support Files/Pods-SwiftLevelDB/Pods-SwiftLevelDB.release.xcconfig"; sourceTree = "<group>"; };
		252F3A3CC14D3ACE3565C107 /* Pods_SwiftLevelDB.framework */ = {isa = PBXFileReference; explicitFileType = wrapper.framework; includeInIndex = 0; path = Pods_SwiftLevelDB.framework; sourceTree = BUILT_PRODUCTS_DIR; };
		4F6FE9B817C9487196CDF0CF /* Pods-SwiftLevelDB-SwiftLevelDBUITests.release.xcconfig */ = {isa = PBXFileReference; includeInIndex = 1; lastKnownFileType = text.xcconfig; name = "Pods-SwiftLevelDB-SwiftLevelDBUITests.release.xcconfig"; path = "Target Support Files/Pods-SwiftLevelDB-SwiftLevelDBUITests/Pods-SwiftLevelDB-SwiftLevelDBUITests.release.xcconfig"; sourceTree = "<group>"; };
		666A51AB307CFCD1DEF2723E /* Pods-SwiftLevelDBTests.debug.xcconfig */ = {isa = PBXFileReference; includeInIndex = 1; lastKnownFileType = text.xcconfig; name = "Pods-SwiftLevelDBTests.debug.xcconfig"; path = "Target Support Files/Pods-SwiftLevelDBTests/Pods-SwiftLevelDBTests.debug.xcconfig"; sourceTree = "<group>"; };
		7C80F5DC91A1611CE17E232A /* Pods_SwiftLevelDB_SwiftLevelDBUITests.framework */ = {isa = PBXFileReference; explicitFileType = wrapper.framework; includeInIndex = 0; path = Pods_SwiftLevelDB_SwiftLevelDBUITests.framework; sourceTree = BUILT_PRODUCTS_DIR; };
		98B715B3DDA5028C7A0BD804 /* Pods-SwiftLevelDB-SwiftLevelDBUITests.debug.xcconfig */ = {isa = PBXFileReference; includeInIndex = 1; lastKnownFileType = text.xcconfig; name = "Pods-SwiftLevelDB-SwiftLevelDBUITests.debug.xcconfig"; path = "Target Support Files/Pods-SwiftLevelDB-SwiftLevelDBUITests/Pods-SwiftLevelDB-SwiftLevelDBUITests.debug.xcconfig"; sourceTree = "<group>"; };
		9B150DA9C8C32BCC38D76416 /* Pods_SwiftLevelDBTests.framework */ = {isa = PBXFileReference; explicitFileType = wrapper.framework; includeInIndex = 0; path = Pods_SwiftLevelDBTests.framework; sourceTree = BUILT_PRODUCTS_DIR; };
		AC7DB4E5EB2AE074F369C1B3 /* Pods-SwiftLevelDB.debug.xcconfig */ = {isa = PBXFileReference; includeInIndex = 1; lastKnownFileType = text.xcconfig; name = "Pods-SwiftLevelDB.debug.xcconfig"; path = "Target Support Files/Pods-SwiftLevelDB/Pods-SwiftLevelDB.debug.xcconfig"; sourceTree = "<group>"; };
		F3661EAEA2E0D48E57F2216F /* Pods-SwiftLevelDBTests.release.xcconfig */ = {isa = PBXFileReference; includeInIndex = 1; lastKnownFileType = text.xcconfig; name = "Pods-SwiftLevelDBTests.release.xcconfig"; path = "Target Support Files/Pods-SwiftLevelDBTests/Pods-SwiftLevelDBTests.release.xcconfig"; sourceTree = "<group>"; };
/* End PBXFileReference section */

/* Begin PBXFrameworksBuildPhase section */
		02CAC1B326A1407500C2EF42 /* Frameworks */ = {
			isa = PBXFrameworksBuildPhase;
			buildActionMask = 2147483647;
			files = (
				02CAC1F726A1420D00C2EF42 /* leveldb.framework in Frameworks */,
				8E61D9F1FDEED6614C58CC66 /* Pods_SwiftLevelDB.framework in Frameworks */,
			);
			runOnlyForDeploymentPostprocessing = 0;
		};
		02CAC1C926A1407600C2EF42 /* Frameworks */ = {
			isa = PBXFrameworksBuildPhase;
			buildActionMask = 2147483647;
			files = (
				BF81F5D97719CBC9B72451FD /* Pods_SwiftLevelDBTests.framework in Frameworks */,
			);
			runOnlyForDeploymentPostprocessing = 0;
		};
		02CAC1D426A1407600C2EF42 /* Frameworks */ = {
			isa = PBXFrameworksBuildPhase;
			buildActionMask = 2147483647;
			files = (
				FE4064DF0C80F545B228129D /* Pods_SwiftLevelDB_SwiftLevelDBUITests.framework in Frameworks */,
			);
			runOnlyForDeploymentPostprocessing = 0;
		};
/* End PBXFrameworksBuildPhase section */

/* Begin PBXGroup section */
		02CAC1AD26A1407500C2EF42 = {
			isa = PBXGroup;
			children = (
				02CAC1B826A1407500C2EF42 /* SwiftLevelDB */,
				02CAC1CF26A1407600C2EF42 /* SwiftLevelDBTests */,
				02CAC1DA26A1407600C2EF42 /* SwiftLevelDBUITests */,
				02CAC1B726A1407500C2EF42 /* Products */,
				9C77FADE88ECC394F43D8C13 /* Pods */,
				ED689C7E551EDF48996AB303 /* Frameworks */,
			);
			sourceTree = "<group>";
		};
		02CAC1B726A1407500C2EF42 /* Products */ = {
			isa = PBXGroup;
			children = (
				02CAC1B626A1407500C2EF42 /* SwiftLevelDB.app */,
				02CAC1CC26A1407600C2EF42 /* SwiftLevelDBTests.xctest */,
				02CAC1D726A1407600C2EF42 /* SwiftLevelDBUITests.xctest */,
			);
			name = Products;
			sourceTree = "<group>";
		};
		02CAC1B826A1407500C2EF42 /* SwiftLevelDB */ = {
			isa = PBXGroup;
			children = (
				02CAC20326A15E4600C2EF42 /* LevelDB */,
				02CAC1B926A1407500C2EF42 /* AppDelegate.swift */,
				02CAC1BB26A1407500C2EF42 /* SceneDelegate.swift */,
				02CAC2E126A17C9A00C2EF42 /* ViewController.swift */,
				02CAC1BF26A1407500C2EF42 /* Main.storyboard */,
				02CAC1C226A1407600C2EF42 /* Assets.xcassets */,
				02CAC1C426A1407600C2EF42 /* LaunchScreen.storyboard */,
				02CAC1C726A1407600C2EF42 /* Info.plist */,
			);
			path = SwiftLevelDB;
			sourceTree = "<group>";
		};
		02CAC1CF26A1407600C2EF42 /* SwiftLevelDBTests */ = {
			isa = PBXGroup;
			children = (
				02CAC1D026A1407600C2EF42 /* SwiftLevelDBTests.swift */,
				02CAC1D226A1407600C2EF42 /* Info.plist */,
			);
			path = SwiftLevelDBTests;
			sourceTree = "<group>";
		};
		02CAC1DA26A1407600C2EF42 /* SwiftLevelDBUITests */ = {
			isa = PBXGroup;
			children = (
				02CAC1DB26A1407600C2EF42 /* SwiftLevelDBUITests.swift */,
				02CAC1DD26A1407600C2EF42 /* Info.plist */,
			);
			path = SwiftLevelDBUITests;
			sourceTree = "<group>";
		};
		02CAC20326A15E4600C2EF42 /* LevelDB */ = {
			isa = PBXGroup;
			children = (
				02CAC2C726A17AB400C2EF42 /* LevelDB.swift */,
				02CAC2D926A17C8000C2EF42 /* Options.swift */,
				02CAC2C926A17AB400C2EF42 /* Slice.swift */,
				02CAC20D26A15E9300C2EF42 /* Test.mm */,
				02CAC20C26A15E9300C2EF42 /* SwiftLevelDB-Bridging-Header.h */,
			);
			path = LevelDB;
			sourceTree = "<group>";
		};
		9C77FADE88ECC394F43D8C13 /* Pods */ = {
			isa = PBXGroup;
			children = (
				AC7DB4E5EB2AE074F369C1B3 /* Pods-SwiftLevelDB.debug.xcconfig */,
				0E8B5C66FBDF34A04968FBF2 /* Pods-SwiftLevelDB.release.xcconfig */,
				98B715B3DDA5028C7A0BD804 /* Pods-SwiftLevelDB-SwiftLevelDBUITests.debug.xcconfig */,
				4F6FE9B817C9487196CDF0CF /* Pods-SwiftLevelDB-SwiftLevelDBUITests.release.xcconfig */,
				666A51AB307CFCD1DEF2723E /* Pods-SwiftLevelDBTests.debug.xcconfig */,
				F3661EAEA2E0D48E57F2216F /* Pods-SwiftLevelDBTests.release.xcconfig */,
			);
			path = Pods;
			sourceTree = "<group>";
		};
		ED689C7E551EDF48996AB303 /* Frameworks */ = {
			isa = PBXGroup;
			children = (
				02CAC1F626A1420D00C2EF42 /* leveldb.framework */,
				252F3A3CC14D3ACE3565C107 /* Pods_SwiftLevelDB.framework */,
				7C80F5DC91A1611CE17E232A /* Pods_SwiftLevelDB_SwiftLevelDBUITests.framework */,
				9B150DA9C8C32BCC38D76416 /* Pods_SwiftLevelDBTests.framework */,
			);
			name = Frameworks;
			sourceTree = "<group>";
		};
/* End PBXGroup section */

/* Begin PBXNativeTarget section */
		02CAC1B526A1407500C2EF42 /* SwiftLevelDB */ = {
			isa = PBXNativeTarget;
			buildConfigurationList = 02CAC1E026A1407600C2EF42 /* Build configuration list for PBXNativeTarget "SwiftLevelDB" */;
			buildPhases = (
				FE31800238D45A79255992C9 /* [CP] Check Pods Manifest.lock */,
				02CAC1B226A1407500C2EF42 /* Sources */,
				02CAC1B326A1407500C2EF42 /* Frameworks */,
				02CAC1B426A1407500C2EF42 /* Resources */,
				21D76C6850803DA544E211CD /* [CP] Embed Pods Frameworks */,
			);
			buildRules = (
			);
			dependencies = (
			);
			name = SwiftLevelDB;
			productName = SwiftLevelDB;
			productReference = 02CAC1B626A1407500C2EF42 /* SwiftLevelDB.app */;
			productType = "com.apple.product-type.application";
		};
		02CAC1CB26A1407600C2EF42 /* SwiftLevelDBTests */ = {
			isa = PBXNativeTarget;
			buildConfigurationList = 02CAC1E326A1407600C2EF42 /* Build configuration list for PBXNativeTarget "SwiftLevelDBTests" */;
			buildPhases = (
				B695BBABE7A4C69F7878820E /* [CP] Check Pods Manifest.lock */,
				02CAC1C826A1407600C2EF42 /* Sources */,
				02CAC1C926A1407600C2EF42 /* Frameworks */,
				02CAC1CA26A1407600C2EF42 /* Resources */,
			);
			buildRules = (
			);
			dependencies = (
				02CAC1CE26A1407600C2EF42 /* PBXTargetDependency */,
			);
			name = SwiftLevelDBTests;
			productName = SwiftLevelDBTests;
			productReference = 02CAC1CC26A1407600C2EF42 /* SwiftLevelDBTests.xctest */;
			productType = "com.apple.product-type.bundle.unit-test";
		};
		02CAC1D626A1407600C2EF42 /* SwiftLevelDBUITests */ = {
			isa = PBXNativeTarget;
			buildConfigurationList = 02CAC1E626A1407600C2EF42 /* Build configuration list for PBXNativeTarget "SwiftLevelDBUITests" */;
			buildPhases = (
				48DA2349C5B7A98E5BD45DA9 /* [CP] Check Pods Manifest.lock */,
				02CAC1D326A1407600C2EF42 /* Sources */,
				02CAC1D426A1407600C2EF42 /* Frameworks */,
				02CAC1D526A1407600C2EF42 /* Resources */,
				D8766E72C4D633B807D54D00 /* [CP] Embed Pods Frameworks */,
			);
			buildRules = (
			);
			dependencies = (
				02CAC1D926A1407600C2EF42 /* PBXTargetDependency */,
			);
			name = SwiftLevelDBUITests;
			productName = SwiftLevelDBUITests;
			productReference = 02CAC1D726A1407600C2EF42 /* SwiftLevelDBUITests.xctest */;
			productType = "com.apple.product-type.bundle.ui-testing";
		};
/* End PBXNativeTarget section */

/* Begin PBXProject section */
		02CAC1AE26A1407500C2EF42 /* Project object */ = {
			isa = PBXProject;
			attributes = {
				LastSwiftUpdateCheck = 1240;
				LastUpgradeCheck = 1240;
				TargetAttributes = {
					02CAC1B526A1407500C2EF42 = {
						CreatedOnToolsVersion = 12.4;
						LastSwiftMigration = 1240;
					};
					02CAC1CB26A1407600C2EF42 = {
						CreatedOnToolsVersion = 12.4;
						TestTargetID = 02CAC1B526A1407500C2EF42;
					};
					02CAC1D626A1407600C2EF42 = {
						CreatedOnToolsVersion = 12.4;
						TestTargetID = 02CAC1B526A1407500C2EF42;
					};
				};
			};
			buildConfigurationList = 02CAC1B126A1407500C2EF42 /* Build configuration list for PBXProject "SwiftLevelDB" */;
			compatibilityVersion = "Xcode 9.3";
			developmentRegion = en;
			hasScannedForEncodings = 0;
			knownRegions = (
				en,
				Base,
			);
			mainGroup = 02CAC1AD26A1407500C2EF42;
			productRefGroup = 02CAC1B726A1407500C2EF42 /* Products */;
			projectDirPath = "";
			projectRoot = "";
			targets = (
				02CAC1B526A1407500C2EF42 /* SwiftLevelDB */,
				02CAC1CB26A1407600C2EF42 /* SwiftLevelDBTests */,
				02CAC1D626A1407600C2EF42 /* SwiftLevelDBUITests */,
			);
		};
/* End PBXProject section */

/* Begin PBXResourcesBuildPhase section */
		02CAC1B426A1407500C2EF42 /* Resources */ = {
			isa = PBXResourcesBuildPhase;
			buildActionMask = 2147483647;
			files = (
				02CAC1C626A1407600C2EF42 /* LaunchScreen.storyboard in Resources */,
				02CAC1C326A1407600C2EF42 /* Assets.xcassets in Resources */,
				02CAC1C126A1407500C2EF42 /* Main.storyboard in Resources */,
			);
			runOnlyForDeploymentPostprocessing = 0;
		};
		02CAC1CA26A1407600C2EF42 /* Resources */ = {
			isa = PBXResourcesBuildPhase;
			buildActionMask = 2147483647;
			files = (
			);
			runOnlyForDeploymentPostprocessing = 0;
		};
		02CAC1D526A1407600C2EF42 /* Resources */ = {
			isa = PBXResourcesBuildPhase;
			buildActionMask = 2147483647;
			files = (
			);
			runOnlyForDeploymentPostprocessing = 0;
		};
/* End PBXResourcesBuildPhase section */

/* Begin PBXShellScriptBuildPhase section */
		21D76C6850803DA544E211CD /* [CP] Embed Pods Frameworks */ = {
			isa = PBXShellScriptBuildPhase;
			buildActionMask = 2147483647;
			files = (
			);
			inputFileListPaths = (
				"${PODS_ROOT}/Target Support Files/Pods-SwiftLevelDB/Pods-SwiftLevelDB-frameworks-${CONFIGURATION}-input-files.xcfilelist",
			);
			name = "[CP] Embed Pods Frameworks";
			outputFileListPaths = (
				"${PODS_ROOT}/Target Support Files/Pods-SwiftLevelDB/Pods-SwiftLevelDB-frameworks-${CONFIGURATION}-output-files.xcfilelist",
			);
			runOnlyForDeploymentPostprocessing = 0;
			shellPath = /bin/sh;
			shellScript = "\"${PODS_ROOT}/Target Support Files/Pods-SwiftLevelDB/Pods-SwiftLevelDB-frameworks.sh\"\n";
			showEnvVarsInLog = 0;
		};
		48DA2349C5B7A98E5BD45DA9 /* [CP] Check Pods Manifest.lock */ = {
			isa = PBXShellScriptBuildPhase;
			buildActionMask = 2147483647;
			files = (
			);
			inputFileListPaths = (
			);
			inputPaths = (
				"${PODS_PODFILE_DIR_PATH}/Podfile.lock",
				"${PODS_ROOT}/Manifest.lock",
			);
			name = "[CP] Check Pods Manifest.lock";
			outputFileListPaths = (
			);
			outputPaths = (
				"$(DERIVED_FILE_DIR)/Pods-SwiftLevelDB-SwiftLevelDBUITests-checkManifestLockResult.txt",
			);
			runOnlyForDeploymentPostprocessing = 0;
			shellPath = /bin/sh;
			shellScript = "diff \"${PODS_PODFILE_DIR_PATH}/Podfile.lock\" \"${PODS_ROOT}/Manifest.lock\" > /dev/null\nif [ $? != 0 ] ; then\n    # print error to STDERR\n    echo \"error: The sandbox is not in sync with the Podfile.lock. Run 'pod install' or update your CocoaPods installation.\" >&2\n    exit 1\nfi\n# This output is used by Xcode 'outputs' to avoid re-running this script phase.\necho \"SUCCESS\" > \"${SCRIPT_OUTPUT_FILE_0}\"\n";
			showEnvVarsInLog = 0;
		};
		B695BBABE7A4C69F7878820E /* [CP] Check Pods Manifest.lock */ = {
			isa = PBXShellScriptBuildPhase;
			buildActionMask = 2147483647;
			files = (
			);
			inputFileListPaths = (
			);
			inputPaths = (
				"${PODS_PODFILE_DIR_PATH}/Podfile.lock",
				"${PODS_ROOT}/Manifest.lock",
			);
			name = "[CP] Check Pods Manifest.lock";
			outputFileListPaths = (
			);
			outputPaths = (
				"$(DERIVED_FILE_DIR)/Pods-SwiftLevelDBTests-checkManifestLockResult.txt",
			);
			runOnlyForDeploymentPostprocessing = 0;
			shellPath = /bin/sh;
			shellScript = "diff \"${PODS_PODFILE_DIR_PATH}/Podfile.lock\" \"${PODS_ROOT}/Manifest.lock\" > /dev/null\nif [ $? != 0 ] ; then\n    # print error to STDERR\n    echo \"error: The sandbox is not in sync with the Podfile.lock. Run 'pod install' or update your CocoaPods installation.\" >&2\n    exit 1\nfi\n# This output is used by Xcode 'outputs' to avoid re-running this script phase.\necho \"SUCCESS\" > \"${SCRIPT_OUTPUT_FILE_0}\"\n";
			showEnvVarsInLog = 0;
		};
		D8766E72C4D633B807D54D00 /* [CP] Embed Pods Frameworks */ = {
			isa = PBXShellScriptBuildPhase;
			buildActionMask = 2147483647;
			files = (
			);
			inputFileListPaths = (
				"${PODS_ROOT}/Target Support Files/Pods-SwiftLevelDB-SwiftLevelDBUITests/Pods-SwiftLevelDB-SwiftLevelDBUITests-frameworks-${CONFIGURATION}-input-files.xcfilelist",
			);
			name = "[CP] Embed Pods Frameworks";
			outputFileListPaths = (
				"${PODS_ROOT}/Target Support Files/Pods-SwiftLevelDB-SwiftLevelDBUITests/Pods-SwiftLevelDB-SwiftLevelDBUITests-frameworks-${CONFIGURATION}-output-files.xcfilelist",
			);
			runOnlyForDeploymentPostprocessing = 0;
			shellPath = /bin/sh;
			shellScript = "\"${PODS_ROOT}/Target Support Files/Pods-SwiftLevelDB-SwiftLevelDBUITests/Pods-SwiftLevelDB-SwiftLevelDBUITests-frameworks.sh\"\n";
			showEnvVarsInLog = 0;
		};
		FE31800238D45A79255992C9 /* [CP] Check Pods Manifest.lock */ = {
			isa = PBXShellScriptBuildPhase;
			buildActionMask = 2147483647;
			files = (
			);
			inputFileListPaths = (
			);
			inputPaths = (
				"${PODS_PODFILE_DIR_PATH}/Podfile.lock",
				"${PODS_ROOT}/Manifest.lock",
			);
			name = "[CP] Check Pods Manifest.lock";
			outputFileListPaths = (
			);
			outputPaths = (
				"$(DERIVED_FILE_DIR)/Pods-SwiftLevelDB-checkManifestLockResult.txt",
			);
			runOnlyForDeploymentPostprocessing = 0;
			shellPath = /bin/sh;
			shellScript = "diff \"${PODS_PODFILE_DIR_PATH}/Podfile.lock\" \"${PODS_ROOT}/Manifest.lock\" > /dev/null\nif [ $? != 0 ] ; then\n    # print error to STDERR\n    echo \"error: The sandbox is not in sync with the Podfile.lock. Run 'pod install' or update your CocoaPods installation.\" >&2\n    exit 1\nfi\n# This output is used by Xcode 'outputs' to avoid re-running this script phase.\necho \"SUCCESS\" > \"${SCRIPT_OUTPUT_FILE_0}\"\n";
			showEnvVarsInLog = 0;
		};
/* End PBXShellScriptBuildPhase section */

/* Begin PBXSourcesBuildPhase section */
		02CAC1B226A1407500C2EF42 /* Sources */ = {
			isa = PBXSourcesBuildPhase;
			buildActionMask = 2147483647;
			files = (
				02CAC20E26A15E9300C2EF42 /* Test.mm in Sources */,
				02CAC1BA26A1407500C2EF42 /* AppDelegate.swift in Sources */,
				02CAC2CA26A17AB400C2EF42 /* LevelDB.swift in Sources */,
				02CAC1BC26A1407500C2EF42 /* SceneDelegate.swift in Sources */,
				02CAC2E226A17C9A00C2EF42 /* ViewController.swift in Sources */,
				02CAC2CC26A17AB400C2EF42 /* Slice.swift in Sources */,
				02CAC2DA26A17C8000C2EF42 /* Options.swift in Sources */,
			);
			runOnlyForDeploymentPostprocessing = 0;
		};
		02CAC1C826A1407600C2EF42 /* Sources */ = {
			isa = PBXSourcesBuildPhase;
			buildActionMask = 2147483647;
			files = (
				02CAC1D126A1407600C2EF42 /* SwiftLevelDBTests.swift in Sources */,
			);
			runOnlyForDeploymentPostprocessing = 0;
		};
		02CAC1D326A1407600C2EF42 /* Sources */ = {
			isa = PBXSourcesBuildPhase;
			buildActionMask = 2147483647;
			files = (
				02CAC1DC26A1407600C2EF42 /* SwiftLevelDBUITests.swift in Sources */,
			);
			runOnlyForDeploymentPostprocessing = 0;
		};
/* End PBXSourcesBuildPhase section */

/* Begin PBXTargetDependency section */
		02CAC1CE26A1407600C2EF42 /* PBXTargetDependency */ = {
			isa = PBXTargetDependency;
			target = 02CAC1B526A1407500C2EF42 /* SwiftLevelDB */;
			targetProxy = 02CAC1CD26A1407600C2EF42 /* PBXContainerItemProxy */;
		};
		02CAC1D926A1407600C2EF42 /* PBXTargetDependency */ = {
			isa = PBXTargetDependency;
			target = 02CAC1B526A1407500C2EF42 /* SwiftLevelDB */;
			targetProxy = 02CAC1D826A1407600C2EF42 /* PBXContainerItemProxy */;
		};
/* End PBXTargetDependency section */

/* Begin PBXVariantGroup section */
		02CAC1BF26A1407500C2EF42 /* Main.storyboard */ = {
			isa = PBXVariantGroup;
			children = (
				02CAC1C026A1407500C2EF42 /* Base */,
			);
			name = Main.storyboard;
			sourceTree = "<group>";
		};
		02CAC1C426A1407600C2EF42 /* LaunchScreen.storyboard */ = {
			isa = PBXVariantGroup;
			children = (
				02CAC1C526A1407600C2EF42 /* Base */,
			);
			name = LaunchScreen.storyboard;
			sourceTree = "<group>";
		};
/* End PBXVariantGroup section */

/* Begin XCBuildConfiguration section */
		02CAC1DE26A1407600C2EF42 /* Debug */ = {
			isa = XCBuildConfiguration;
			buildSettings = {
				ALWAYS_SEARCH_USER_PATHS = NO;
				CLANG_ANALYZER_NONNULL = YES;
				CLANG_ANALYZER_NUMBER_OBJECT_CONVERSION = YES_AGGRESSIVE;
				CLANG_CXX_LANGUAGE_STANDARD = "gnu++14";
				CLANG_CXX_LIBRARY = "libc++";
				CLANG_ENABLE_MODULES = YES;
				CLANG_ENABLE_OBJC_ARC = YES;
				CLANG_ENABLE_OBJC_WEAK = YES;
				CLANG_WARN_BLOCK_CAPTURE_AUTORELEASING = YES;
				CLANG_WARN_BOOL_CONVERSION = YES;
				CLANG_WARN_COMMA = YES;
				CLANG_WARN_CONSTANT_CONVERSION = YES;
				CLANG_WARN_DEPRECATED_OBJC_IMPLEMENTATIONS = YES;
				CLANG_WARN_DIRECT_OBJC_ISA_USAGE = YES_ERROR;
				CLANG_WARN_DOCUMENTATION_COMMENTS = YES;
				CLANG_WARN_EMPTY_BODY = YES;
				CLANG_WARN_ENUM_CONVERSION = YES;
				CLANG_WARN_INFINITE_RECURSION = YES;
				CLANG_WARN_INT_CONVERSION = YES;
				CLANG_WARN_NON_LITERAL_NULL_CONVERSION = YES;
				CLANG_WARN_OBJC_IMPLICIT_RETAIN_SELF = YES;
				CLANG_WARN_OBJC_LITERAL_CONVERSION = YES;
				CLANG_WARN_OBJC_ROOT_CLASS = YES_ERROR;
				CLANG_WARN_QUOTED_INCLUDE_IN_FRAMEWORK_HEADER = YES;
				CLANG_WARN_RANGE_LOOP_ANALYSIS = YES;
				CLANG_WARN_STRICT_PROTOTYPES = YES;
				CLANG_WARN_SUSPICIOUS_MOVE = YES;
				CLANG_WARN_UNGUARDED_AVAILABILITY = YES_AGGRESSIVE;
				CLANG_WARN_UNREACHABLE_CODE = YES;
				CLANG_WARN__DUPLICATE_METHOD_MATCH = YES;
				COPY_PHASE_STRIP = NO;
				DEBUG_INFORMATION_FORMAT = dwarf;
				ENABLE_STRICT_OBJC_MSGSEND = YES;
				ENABLE_TESTABILITY = YES;
				GCC_C_LANGUAGE_STANDARD = gnu11;
				GCC_DYNAMIC_NO_PIC = NO;
				GCC_NO_COMMON_BLOCKS = YES;
				GCC_OPTIMIZATION_LEVEL = 0;
				GCC_PREPROCESSOR_DEFINITIONS = (
					"DEBUG=1",
					"$(inherited)",
				);
				GCC_WARN_64_TO_32_BIT_CONVERSION = YES;
				GCC_WARN_ABOUT_RETURN_TYPE = YES_ERROR;
				GCC_WARN_UNDECLARED_SELECTOR = YES;
				GCC_WARN_UNINITIALIZED_AUTOS = YES_AGGRESSIVE;
				GCC_WARN_UNUSED_FUNCTION = YES;
				GCC_WARN_UNUSED_VARIABLE = YES;
				IPHONEOS_DEPLOYMENT_TARGET = 14.4;
				MTL_ENABLE_DEBUG_INFO = INCLUDE_SOURCE;
				MTL_FAST_MATH = YES;
				ONLY_ACTIVE_ARCH = YES;
				SDKROOT = iphoneos;
				SWIFT_ACTIVE_COMPILATION_CONDITIONS = DEBUG;
				SWIFT_OPTIMIZATION_LEVEL = "-Onone";
			};
			name = Debug;
		};
		02CAC1DF26A1407600C2EF42 /* Release */ = {
			isa = XCBuildConfiguration;
			buildSettings = {
				ALWAYS_SEARCH_USER_PATHS = NO;
				CLANG_ANALYZER_NONNULL = YES;
				CLANG_ANALYZER_NUMBER_OBJECT_CONVERSION = YES_AGGRESSIVE;
				CLANG_CXX_LANGUAGE_STANDARD = "gnu++14";
				CLANG_CXX_LIBRARY = "libc++";
				CLANG_ENABLE_MODULES = YES;
				CLANG_ENABLE_OBJC_ARC = YES;
				CLANG_ENABLE_OBJC_WEAK = YES;
				CLANG_WARN_BLOCK_CAPTURE_AUTORELEASING = YES;
				CLANG_WARN_BOOL_CONVERSION = YES;
				CLANG_WARN_COMMA = YES;
				CLANG_WARN_CONSTANT_CONVERSION = YES;
				CLANG_WARN_DEPRECATED_OBJC_IMPLEMENTATIONS = YES;
				CLANG_WARN_DIRECT_OBJC_ISA_USAGE = YES_ERROR;
				CLANG_WARN_DOCUMENTATION_COMMENTS = YES;
				CLANG_WARN_EMPTY_BODY = YES;
				CLANG_WARN_ENUM_CONVERSION = YES;
				CLANG_WARN_INFINITE_RECURSION = YES;
				CLANG_WARN_INT_CONVERSION = YES;
				CLANG_WARN_NON_LITERAL_NULL_CONVERSION = YES;
				CLANG_WARN_OBJC_IMPLICIT_RETAIN_SELF = YES;
				CLANG_WARN_OBJC_LITERAL_CONVERSION = YES;
				CLANG_WARN_OBJC_ROOT_CLASS = YES_ERROR;
				CLANG_WARN_QUOTED_INCLUDE_IN_FRAMEWORK_HEADER = YES;
				CLANG_WARN_RANGE_LOOP_ANALYSIS = YES;
				CLANG_WARN_STRICT_PROTOTYPES = YES;
				CLANG_WARN_SUSPICIOUS_MOVE = YES;
				CLANG_WARN_UNGUARDED_AVAILABILITY = YES_AGGRESSIVE;
				CLANG_WARN_UNREACHABLE_CODE = YES;
				CLANG_WARN__DUPLICATE_METHOD_MATCH = YES;
				COPY_PHASE_STRIP = NO;
				DEBUG_INFORMATION_FORMAT = "dwarf-with-dsym";
				ENABLE_NS_ASSERTIONS = NO;
				ENABLE_STRICT_OBJC_MSGSEND = YES;
				GCC_C_LANGUAGE_STANDARD = gnu11;
				GCC_NO_COMMON_BLOCKS = YES;
				GCC_WARN_64_TO_32_BIT_CONVERSION = YES;
				GCC_WARN_ABOUT_RETURN_TYPE = YES_ERROR;
				GCC_WARN_UNDECLARED_SELECTOR = YES;
				GCC_WARN_UNINITIALIZED_AUTOS = YES_AGGRESSIVE;
				GCC_WARN_UNUSED_FUNCTION = YES;
				GCC_WARN_UNUSED_VARIABLE = YES;
				IPHONEOS_DEPLOYMENT_TARGET = 14.4;
				MTL_ENABLE_DEBUG_INFO = NO;
				MTL_FAST_MATH = YES;
				ONLY_ACTIVE_ARCH = YES;
				SDKROOT = iphoneos;
				SWIFT_COMPILATION_MODE = wholemodule;
				SWIFT_OPTIMIZATION_LEVEL = "-O";
				VALIDATE_PRODUCT = YES;
			};
			name = Release;
		};
		02CAC1E126A1407600C2EF42 /* Debug */ = {
			isa = XCBuildConfiguration;
			baseConfigurationReference = AC7DB4E5EB2AE074F369C1B3 /* Pods-SwiftLevelDB.debug.xcconfig */;
			buildSettings = {
				ASSETCATALOG_COMPILER_APPICON_NAME = AppIcon;
				ASSETCATALOG_COMPILER_GLOBAL_ACCENT_COLOR_NAME = AccentColor;
				CLANG_ENABLE_MODULES = YES;
				CODE_SIGN_STYLE = Automatic;
				FRAMEWORK_SEARCH_PATHS = (
					"$(inherited)",
					"$(PROJECT_DIR)/SwiftLevelDB",
				);
				HEADER_SEARCH_PATHS = (
					"$(inherited)",
					"${PODS_ROOT}/leveldb-library/include",
					"\"${PODS_CONFIGURATION_BUILD_DIR}/leveldb-library/leveldb.framework/Headers\"",
				);
				INFOPLIST_FILE = SwiftLevelDB/Info.plist;
				IPHONEOS_DEPLOYMENT_TARGET = 13.0;
				LD_RUNPATH_SEARCH_PATHS = (
					"$(inherited)",
					"@executable_path/Frameworks",
				);
				LIBRARY_SEARCH_PATHS = "";
				PRODUCT_BUNDLE_IDENTIFIER = com.lemon.swiftLevelDB.SwiftLevelDB;
				PRODUCT_NAME = "$(TARGET_NAME)";
				SWIFT_OBJC_BRIDGING_HEADER = "SwiftLevelDB/LevelDB/SwiftLevelDB-Bridging-Header.h";
				SWIFT_OPTIMIZATION_LEVEL = "-Onone";
				SWIFT_VERSION = 5.0;
				TARGETED_DEVICE_FAMILY = "1,2";
				USER_HEADER_SEARCH_PATHS = "\"$(SRCROOT)/SwiftLevelDB/LevelDB/leveldb.framework/Headers/\"";
			};
			name = Debug;
		};
		02CAC1E226A1407600C2EF42 /* Release */ = {
			isa = XCBuildConfiguration;
			baseConfigurationReference = 0E8B5C66FBDF34A04968FBF2 /* Pods-SwiftLevelDB.release.xcconfig */;
			buildSettings = {
				ASSETCATALOG_COMPILER_APPICON_NAME = AppIcon;
				ASSETCATALOG_COMPILER_GLOBAL_ACCENT_COLOR_NAME = AccentColor;
				CLANG_ENABLE_MODULES = YES;
				CODE_SIGN_STYLE = Automatic;
				FRAMEWORK_SEARCH_PATHS = (
					"$(inherited)",
					"$(PROJECT_DIR)/SwiftLevelDB",
				);
				HEADER_SEARCH_PATHS = (
					"$(inherited)",
					"${PODS_ROOT}/leveldb-library/include",
					"\"${PODS_CONFIGURATION_BUILD_DIR}/leveldb-library/leveldb.framework/Headers\"",
				);
				INFOPLIST_FILE = SwiftLevelDB/Info.plist;
				IPHONEOS_DEPLOYMENT_TARGET = 13.0;
				LD_RUNPATH_SEARCH_PATHS = (
					"$(inherited)",
					"@executable_path/Frameworks",
				);
				LIBRARY_SEARCH_PATHS = "";
				PRODUCT_BUNDLE_IDENTIFIER = com.lemon.swiftLevelDB.SwiftLevelDB;
				PRODUCT_NAME = "$(TARGET_NAME)";
				SWIFT_OBJC_BRIDGING_HEADER = "SwiftLevelDB/LevelDB/SwiftLevelDB-Bridging-Header.h";
				SWIFT_VERSION = 5.0;
				TARGETED_DEVICE_FAMILY = "1,2";
				USER_HEADER_SEARCH_PATHS = "\"$(SRCROOT)/SwiftLevelDB/LevelDB/leveldb.framework/Headers/\"";
			};
			name = Release;
		};
		02CAC1E426A1407600C2EF42 /* Debug */ = {
			isa = XCBuildConfiguration;
			baseConfigurationReference = 666A51AB307CFCD1DEF2723E /* Pods-SwiftLevelDBTests.debug.xcconfig */;
			buildSettings = {
				ALWAYS_EMBED_SWIFT_STANDARD_LIBRARIES = YES;
				BUNDLE_LOADER = "$(TEST_HOST)";
				CODE_SIGN_STYLE = Automatic;
				INFOPLIST_FILE = SwiftLevelDBTests/Info.plist;
				IPHONEOS_DEPLOYMENT_TARGET = 14.4;
				LD_RUNPATH_SEARCH_PATHS = (
					"$(inherited)",
					"@executable_path/Frameworks",
					"@loader_path/Frameworks",
				);
				PRODUCT_BUNDLE_IDENTIFIER = com.lemon.swiftLevelDB.SwiftLevelDBTests;
				PRODUCT_NAME = "$(TARGET_NAME)";
				SWIFT_VERSION = 5.0;
				TARGETED_DEVICE_FAMILY = "1,2";
				TEST_HOST = "$(BUILT_PRODUCTS_DIR)/SwiftLevelDB.app/SwiftLevelDB";
			};
			name = Debug;
		};
		02CAC1E526A1407600C2EF42 /* Release */ = {
			isa = XCBuildConfiguration;
			baseConfigurationReference = F3661EAEA2E0D48E57F2216F /* Pods-SwiftLevelDBTests.release.xcconfig */;
			buildSettings = {
				ALWAYS_EMBED_SWIFT_STANDARD_LIBRARIES = YES;
				BUNDLE_LOADER = "$(TEST_HOST)";
				CODE_SIGN_STYLE = Automatic;
				INFOPLIST_FILE = SwiftLevelDBTests/Info.plist;
				IPHONEOS_DEPLOYMENT_TARGET = 14.4;
				LD_RUNPATH_SEARCH_PATHS = (
					"$(inherited)",
					"@executable_path/Frameworks",
					"@loader_path/Frameworks",
				);
				PRODUCT_BUNDLE_IDENTIFIER = com.lemon.swiftLevelDB.SwiftLevelDBTests;
				PRODUCT_NAME = "$(TARGET_NAME)";
				SWIFT_VERSION = 5.0;
				TARGETED_DEVICE_FAMILY = "1,2";
				TEST_HOST = "$(BUILT_PRODUCTS_DIR)/SwiftLevelDB.app/SwiftLevelDB";
			};
			name = Release;
		};
		02CAC1E726A1407600C2EF42 /* Debug */ = {
			isa = XCBuildConfiguration;
			baseConfigurationReference = 98B715B3DDA5028C7A0BD804 /* Pods-SwiftLevelDB-SwiftLevelDBUITests.debug.xcconfig */;
			buildSettings = {
				ALWAYS_EMBED_SWIFT_STANDARD_LIBRARIES = YES;
				CODE_SIGN_STYLE = Automatic;
				INFOPLIST_FILE = SwiftLevelDBUITests/Info.plist;
				LD_RUNPATH_SEARCH_PATHS = (
					"$(inherited)",
					"@executable_path/Frameworks",
					"@loader_path/Frameworks",
				);
				PRODUCT_BUNDLE_IDENTIFIER = com.lemon.swiftLevelDB.SwiftLevelDBUITests;
				PRODUCT_NAME = "$(TARGET_NAME)";
				SWIFT_VERSION = 5.0;
				TARGETED_DEVICE_FAMILY = "1,2";
				TEST_TARGET_NAME = SwiftLevelDB;
			};
			name = Debug;
		};
		02CAC1E826A1407600C2EF42 /* Release */ = {
			isa = XCBuildConfiguration;
			baseConfigurationReference = 4F6FE9B817C9487196CDF0CF /* Pods-SwiftLevelDB-SwiftLevelDBUITests.release.xcconfig */;
			buildSettings = {
				ALWAYS_EMBED_SWIFT_STANDARD_LIBRARIES = YES;
				CODE_SIGN_STYLE = Automatic;
				INFOPLIST_FILE = SwiftLevelDBUITests/Info.plist;
				LD_RUNPATH_SEARCH_PATHS = (
					"$(inherited)",
					"@executable_path/Frameworks",
					"@loader_path/Frameworks",
				);
				PRODUCT_BUNDLE_IDENTIFIER = com.lemon.swiftLevelDB.SwiftLevelDBUITests;
				PRODUCT_NAME = "$(TARGET_NAME)";
				SWIFT_VERSION = 5.0;
				TARGETED_DEVICE_FAMILY = "1,2";
				TEST_TARGET_NAME = SwiftLevelDB;
			};
			name = Release;
		};
/* End XCBuildConfiguration section */

/* Begin XCConfigurationList section */
		02CAC1B126A1407500C2EF42 /* Build configuration list for PBXProject "SwiftLevelDB" */ = {
			isa = XCConfigurationList;
			buildConfigurations = (
				02CAC1DE26A1407600C2EF42 /* Debug */,
				02CAC1DF26A1407600C2EF42 /* Release */,
			);
			defaultConfigurationIsVisible = 0;
			defaultConfigurationName = Release;
		};
		02CAC1E026A1407600C2EF42 /* Build configuration list for PBXNativeTarget "SwiftLevelDB" */ = {
			isa = XCConfigurationList;
			buildConfigurations = (
				02CAC1E126A1407600C2EF42 /* Debug */,
				02CAC1E226A1407600C2EF42 /* Release */,
			);
			defaultConfigurationIsVisible = 0;
			defaultConfigurationName = Release;
		};
		02CAC1E326A1407600C2EF42 /* Build configuration list for PBXNativeTarget "SwiftLevelDBTests" */ = {
			isa = XCConfigurationList;
			buildConfigurations = (
				02CAC1E426A1407600C2EF42 /* Debug */,
				02CAC1E526A1407600C2EF42 /* Release */,
			);
			defaultConfigurationIsVisible = 0;
			defaultConfigurationName = Release;
		};
		02CAC1E626A1407600C2EF42 /* Build configuration list for PBXNativeTarget "SwiftLevelDBUITests" */ = {
			isa = XCConfigurationList;
			buildConfigurations = (
				02CAC1E726A1407600C2EF42 /* Debug */,
				02CAC1E826A1407600C2EF42 /* Release */,
			);
			defaultConfigurationIsVisible = 0;
			defaultConfigurationName = Release;
		};
/* End XCConfigurationList section */
	};
	rootObject = 02CAC1AE26A1407500C2EF42 /* Project object */;
}
